
Microsoft Visual Studio Solution File, Format Version 12.00
# Visual Studio 2012
Project("{FAE04EC0-301F-11D3-BF4B-00C04F79EFBC}") = "KeyHub.Web", "KeyHub.Web\KeyHub.Web.csproj", "{5706BEBF-F361-4845-9514-DC085FBEC39E}"
EndProject
Project("{FAE04EC0-301F-11D3-BF4B-00C04F79EFBC}") = "KeyHub.Tests", "KeyHub.Tests\KeyHub.Tests.csproj", "{7162C9FF-2E8F-4CB3-8A4A-E85D4405C48D}"
EndProject
Project("{2150E333-8FDC-42A3-9474-1A3956D46DE8}") = "Web", "Web", "{7E5AF627-5381-4C0B-988D-29F9BB187E10}"
EndProject
Project("{2150E333-8FDC-42A3-9474-1A3956D46DE8}") = "Tests", "Tests", "{D7D3456C-2566-4B22-939B-81C750EBEB01}"
EndProject
Project("{2150E333-8FDC-42A3-9474-1A3956D46DE8}") = "Data", "Data", "{69F6CA52-E353-4C2B-B44A-48E7D8666D81}"
EndProject
Project("{FAE04EC0-301F-11D3-BF4B-00C04F79EFBC}") = "KeyHub.Model", "KeyHub.Model\KeyHub.Model.csproj", "{6D9BA48A-476E-4288-B3AD-0CAE9008317C}"
EndProject
Project("{2150E333-8FDC-42A3-9474-1A3956D46DE8}") = "Core", "Core", "{5E3515CB-4E0D-4ADD-BFB9-CFECA873CFB5}"
EndProject
Project("{FAE04EC0-301F-11D3-BF4B-00C04F79EFBC}") = "KeyHub.Core", "KeyHub.Core\KeyHub.Core.csproj", "{982DDF31-5D75-4194-99B4-FCC95CD4BE7F}"
EndProject
Project("{2150E333-8FDC-42A3-9474-1A3956D46DE8}") = "Application", "Application", "{354EFFCD-5192-48FE-AD6E-3ADCF2E94BCD}"
EndProject
Project("{FAE04EC0-301F-11D3-BF4B-00C04F79EFBC}") = "KeyHub.BusinessLogic", "KeyHub.BusinessLogic\KeyHub.BusinessLogic.csproj", "{7FA54424-5866-4A33-AB6B-01A59D0843C7}"
EndProject
Project("{FAE04EC0-301F-11D3-BF4B-00C04F79EFBC}") = "KeyHub.Common", "KeyHub.Common\KeyHub.Common.csproj", "{CABF1962-0677-497F-B4A8-41EDF551D6D3}"
EndProject
Project("{FAE04EC0-301F-11D3-BF4B-00C04F79EFBC}") = "KeyHub.Data", "KeyHub.Data\KeyHub.Data.csproj", "{D44CE009-6C7E-4E7F-912C-11A34CD094EE}"
EndProject
Project("{2150E333-8FDC-42A3-9474-1A3956D46DE8}") = ".nuget", ".nuget", "{1DB95775-8643-476C-90EC-FA1DCACB41BA}"
	ProjectSection(SolutionItems) = preProject
		.nuget\NuGet.Config = .nuget\NuGet.Config
		.nuget\NuGet.exe = .nuget\NuGet.exe
	EndProjectSection
EndProject
Project("{2150E333-8FDC-42A3-9474-1A3956D46DE8}") = "Client", "Client", "{9338D646-1BAF-4B49-BA73-E3E81E2488AB}"
EndProject
Project("{FAE04EC0-301F-11D3-BF4B-00C04F79EFBC}") = "KeyHub.Client", "KeyHub.Client\KeyHub.Client.csproj", "{46F597BD-70D9-4A1C-8D91-B4CA2D604C36}"
EndProject
Project("{FAE04EC0-301F-11D3-BF4B-00C04F79EFBC}") = "KeyHub.Integration.Tests", "KeyHub.Integration.Tests\KeyHub.Integration.Tests.csproj", "{A2EA4FF4-7DF9-4782-A9B7-5E4EDA8FF105}"
EndProject
Global
	GlobalSection(SolutionConfigurationPlatforms) = preSolution
		Debug|Any CPU = Debug|Any CPU
		Release|Any CPU = Release|Any CPU
	EndGlobalSection
	GlobalSection(ProjectConfigurationPlatforms) = postSolution
		{5706BEBF-F361-4845-9514-DC085FBEC39E}.Debug|Any CPU.ActiveCfg = Debug|Any CPU
		{5706BEBF-F361-4845-9514-DC085FBEC39E}.Debug|Any CPU.Build.0 = Debug|Any CPU
		{5706BEBF-F361-4845-9514-DC085FBEC39E}.Release|Any CPU.ActiveCfg = Release|Any CPU
		{5706BEBF-F361-4845-9514-DC085FBEC39E}.Release|Any CPU.Build.0 = Release|Any CPU
		{7162C9FF-2E8F-4CB3-8A4A-E85D4405C48D}.Debug|Any CPU.ActiveCfg = Debug|Any CPU
		{7162C9FF-2E8F-4CB3-8A4A-E85D4405C48D}.Debug|Any CPU.Build.0 = Debug|Any CPU
		{7162C9FF-2E8F-4CB3-8A4A-E85D4405C48D}.Release|Any CPU.ActiveCfg = Release|Any CPU
		{7162C9FF-2E8F-4CB3-8A4A-E85D4405C48D}.Release|Any CPU.Build.0 = Release|Any CPU
		{6D9BA48A-476E-4288-B3AD-0CAE9008317C}.Debug|Any CPU.ActiveCfg = Debug|Any CPU
		{6D9BA48A-476E-4288-B3AD-0CAE9008317C}.Debug|Any CPU.Build.0 = Debug|Any CPU
		{6D9BA48A-476E-4288-B3AD-0CAE9008317C}.Release|Any CPU.ActiveCfg = Release|Any CPU
		{6D9BA48A-476E-4288-B3AD-0CAE9008317C}.Release|Any CPU.Build.0 = Release|Any CPU
		{982DDF31-5D75-4194-99B4-FCC95CD4BE7F}.Debug|Any CPU.ActiveCfg = Debug|Any CPU
		{982DDF31-5D75-4194-99B4-FCC95CD4BE7F}.Debug|Any CPU.Build.0 = Debug|Any CPU
		{982DDF31-5D75-4194-99B4-FCC95CD4BE7F}.Release|Any CPU.ActiveCfg = Release|Any CPU
		{982DDF31-5D75-4194-99B4-FCC95CD4BE7F}.Release|Any CPU.Build.0 = Release|Any CPU
		{7FA54424-5866-4A33-AB6B-01A59D0843C7}.Debug|Any CPU.ActiveCfg = Debug|Any CPU
		{7FA54424-5866-4A33-AB6B-01A59D0843C7}.Debug|Any CPU.Build.0 = Debug|Any CPU
		{7FA54424-5866-4A33-AB6B-01A59D0843C7}.Release|Any CPU.ActiveCfg = Release|Any CPU
		{7FA54424-5866-4A33-AB6B-01A59D0843C7}.Release|Any CPU.Build.0 = Release|Any CPU
		{CABF1962-0677-497F-B4A8-41EDF551D6D3}.Debug|Any CPU.ActiveCfg = Debug|Any CPU
		{CABF1962-0677-497F-B4A8-41EDF551D6D3}.Debug|Any CPU.Build.0 = Debug|Any CPU
		{CABF1962-0677-497F-B4A8-41EDF551D6D3}.Release|Any CPU.ActiveCfg = Release|Any CPU
		{CABF1962-0677-497F-B4A8-41EDF551D6D3}.Release|Any CPU.Build.0 = Release|Any CPU
		{D44CE009-6C7E-4E7F-912C-11A34CD094EE}.Debug|Any CPU.ActiveCfg = Debug|Any CPU
		{D44CE009-6C7E-4E7F-912C-11A34CD094EE}.Debug|Any CPU.Build.0 = Debug|Any CPU
		{D44CE009-6C7E-4E7F-912C-11A34CD094EE}.Release|Any CPU.ActiveCfg = Release|Any CPU
		{D44CE009-6C7E-4E7F-912C-11A34CD094EE}.Release|Any CPU.Build.0 = Release|Any CPU
		{46F597BD-70D9-4A1C-8D91-B4CA2D604C36}.Debug|Any CPU.ActiveCfg = Debug|Any CPU
		{46F597BD-70D9-4A1C-8D91-B4CA2D604C36}.Debug|Any CPU.Build.0 = Debug|Any CPU
		{46F597BD-70D9-4A1C-8D91-B4CA2D604C36}.Release|Any CPU.ActiveCfg = Release|Any CPU
		{46F597BD-70D9-4A1C-8D91-B4CA2D604C36}.Release|Any CPU.Build.0 = Release|Any CPU
		{A2EA4FF4-7DF9-4782-A9B7-5E4EDA8FF105}.Debug|Any CPU.ActiveCfg = Debug|Any CPU
		{A2EA4FF4-7DF9-4782-A9B7-5E4EDA8FF105}.Debug|Any CPU.Build.0 = Debug|Any CPU
		{A2EA4FF4-7DF9-4782-A9B7-5E4EDA8FF105}.Release|Any CPU.ActiveCfg = Release|Any CPU
		{A2EA4FF4-7DF9-4782-A9B7-5E4EDA8FF105}.Release|Any CPU.Build.0 = Release|Any CPU
	EndGlobalSection
	GlobalSection(SolutionProperties) = preSolution
		HideSolutionNode = FALSE
	EndGlobalSection
	GlobalSection(NestedProjects) = preSolution
		{5706BEBF-F361-4845-9514-DC085FBEC39E} = {7E5AF627-5381-4C0B-988D-29F9BB187E10}
		{7162C9FF-2E8F-4CB3-8A4A-E85D4405C48D} = {D7D3456C-2566-4B22-939B-81C750EBEB01}
		{A2EA4FF4-7DF9-4782-A9B7-5E4EDA8FF105} = {D7D3456C-2566-4B22-939B-81C750EBEB01}
		{6D9BA48A-476E-4288-B3AD-0CAE9008317C} = {69F6CA52-E353-4C2B-B44A-48E7D8666D81}
		{D44CE009-6C7E-4E7F-912C-11A34CD094EE} = {69F6CA52-E353-4C2B-B44A-48E7D8666D81}
		{982DDF31-5D75-4194-99B4-FCC95CD4BE7F} = {5E3515CB-4E0D-4ADD-BFB9-CFECA873CFB5}
		{CABF1962-0677-497F-B4A8-41EDF551D6D3} = {5E3515CB-4E0D-4ADD-BFB9-CFECA873CFB5}
		{7FA54424-5866-4A33-AB6B-01A59D0843C7} = {354EFFCD-5192-48FE-AD6E-3ADCF2E94BCD}
		{46F597BD-70D9-4A1C-8D91-B4CA2D604C36} = {9338D646-1BAF-4B49-BA73-E3E81E2488AB}
	EndGlobalSection
EndGlobal
